# This file is automatically @generated by Cargo.
# It is not intended for manual editing.
version = 4

[[package]]
name = "libncd"
version = "0.1.0"

[[package]]
name = "libncd-runtime"
version = "0.1.0"

[[package]]
name = "ncd"
version = "0.1.0"
dependencies = [
 "libncd",
]

[[package]]
name = "ncdd"
version = "0.1.0"
dependencies = [
 "libncd",
]
